PODS:
  - DACircularProgress (2.3.1)
  - EAIntroView (2.7.4):
    - EARestrictedScrollView (~> 0.2.0)
  - EARestrictedScrollView (0.2.0)
  - JPSVolumeButtonHandler (1.0.5)
  - MBProgressHUD (0.9.2)
  - MWPhotoBrowser (2.1.2):
    - DACircularProgress (~> 2.3)
    - MBProgressHUD (~> 0.9)
    - "SDWebImage (!= 3.7.2, ~> 3.7)"
  - SDWebImage (3.8.2):
    - SDWebImage/Core (= 3.8.2)
  - SDWebImage/Core (3.8.2)

DEPENDENCIES:
  - EAIntroView (~> 2.7.0)
  - JPSVolumeButtonHandler
  - MWPhotoBrowser

SPEC REPOS:
  https://github.com/cocoapods/specs.git:
    - DACircularProgress
    - EAIntroView
    - EARestrictedScrollView
    - JPSVolumeButtonHandler
    - MBProgressHUD
    - MWPhotoBrowser
    - SDWebImage

SPEC CHECKSUMS:
  DACircularProgress: 4dd437c0fc3da5161cb289e07ac449493d41db71
  EAIntroView: 50b85eedf414260e61330070ffe5947e72493a62
  EARestrictedScrollView: f86d61e16c61d3e93c84f8e96e83122a2a3b7631
  JPSVolumeButtonHandler: 53110330c9168ed325def93eabff39f0fe3e8082
  MBProgressHUD: 1569cf7ace17a8bac47aabfbb8580a49690386d1
  MWPhotoBrowser: 5836d7aa041dc05a13de380c246826578adc5ea5
  SDWebImage: 098e97e6176540799c27e804c96653ee0833d13c

PODFILE CHECKSUM: 8041e67b57366aeb8558e1f83f83356db80c154d

COCOAPODS: 1.5.3
