// !$*UTF8*$!
{
	archiveVersion = 1;
	classes = {
	};
	objectVersion = 46;
	objects = {

/* Begin PBXBuildFile section */
		0F10EDF21BA0EC49007E722A /* Slider.swift in Sources */ = {isa = PBXBuildFile; fileRef = 0F10EDF11BA0EC49007E722A /* Slider.swift */; };
		0F10EDF41BA1404B007E722A /* VPHandler.swift in Sources */ = {isa = PBXBuildFile; fileRef = 0F10EDF31BA1404B007E722A /* VPHandler.swift */; };
		0F2ED8D61BA92E1200F9332D /* CaptureView.swift in Sources */ = {isa = PBXBuildFile; fileRef = 0F2ED8D51BA92E1200F9332D /* CaptureView.swift */; };
		0F3FC7BB1BABCA77004A350B /* SmartSlider.swift in Sources */ = {isa = PBXBuildFile; fileRef = 0F3FC7BA1BABCA77004A350B /* SmartSlider.swift */; };
		0F46E4481B9D7DD0000E32D1 /* CSController.swift in Sources */ = {isa = PBXBuildFile; fileRef = 0F46E4471B9D7DD0000E32D1 /* CSController.swift */; };
		0F46E44A1B9D84C7000E32D1 /* CaptureExtentions.swift in Sources */ = {isa = PBXBuildFile; fileRef = 0F46E4491B9D84C7000E32D1 /* CaptureExtentions.swift */; };
		0F46E44C1B9DACAE000E32D1 /* CaptureViewController.swift in Sources */ = {isa = PBXBuildFile; fileRef = 0F46E44B1B9DACAE000E32D1 /* CaptureViewController.swift */; };
		0FB784161B9ECFC300C7FDA7 /* PDHandler.swift in Sources */ = {isa = PBXBuildFile; fileRef = 0FB784151B9ECFC300C7FDA7 /* PDHandler.swift */; };
		0FC4DC561B95BD630009B4A7 /* StoreKit.framework in Frameworks */ = {isa = PBXBuildFile; fileRef = 0FC4DC551B95BD630009B4A7 /* StoreKit.framework */; };
		0FC510E31BBD13EE00E4D0D8 /* CapturePreviewLayer.swift in Sources */ = {isa = PBXBuildFile; fileRef = 0FC510E21BBD13EE00E4D0D8 /* CapturePreviewLayer.swift */; };
		0FD828C81BB7A05F004162F0 /* ManualCaptureGlyph.swift in Sources */ = {isa = PBXBuildFile; fileRef = 0FD828C71BB7A05F004162F0 /* ManualCaptureGlyph.swift */; };
		0FD828CA1BB7C630004162F0 /* SmartSliderLine.swift in Sources */ = {isa = PBXBuildFile; fileRef = 0FD828C91BB7C630004162F0 /* SmartSliderLine.swift */; };
		0FE500B71BB50ECA00D5B13D /* SmartSliderKnobLayer.swift in Sources */ = {isa = PBXBuildFile; fileRef = 0FE500B61BB50ECA00D5B13D /* SmartSliderKnobLayer.swift */; };
		0FEA847F1B944781002135DE /* AVFoundation.framework in Frameworks */ = {isa = PBXBuildFile; fileRef = 0FEA847E1B944781002135DE /* AVFoundation.framework */; };
		3D17E4C321630ABC008AF466 /* Photos.framework in Frameworks */ = {isa = PBXBuildFile; fileRef = 3D17E4C221630ABC008AF466 /* Photos.framework */; };
		3D3AA9CE1BCB5FAF00EF2B84 /* SampleImage.JPG in Resources */ = {isa = PBXBuildFile; fileRef = 3D3AA9CD1BCB5FAF00EF2B84 /* SampleImage.JPG */; };
		3D3AD8441C01DCBF007583A7 /* CaptureViewController2.swift in Sources */ = {isa = PBXBuildFile; fileRef = 3D3AD8431C01DCBF007583A7 /* CaptureViewController2.swift */; };
		3D3AD8461C01DF0A007583A7 /* CaptureConstraints.swift in Sources */ = {isa = PBXBuildFile; fileRef = 3D3AD8451C01DF0A007583A7 /* CaptureConstraints.swift */; };
		3D3AD8481C037B12007583A7 /* CapturePreviewView.swift in Sources */ = {isa = PBXBuildFile; fileRef = 3D3AD8471C037B12007583A7 /* CapturePreviewView.swift */; };
		3D3AD84A1C043389007583A7 /* CSController2.swift in Sources */ = {isa = PBXBuildFile; fileRef = 3D3AD8491C043389007583A7 /* CSController2.swift */; };
		3D41A0A41C634B0900BF21D0 /* RotationContainer.swift in Sources */ = {isa = PBXBuildFile; fileRef = 3D41A0A31C634B0900BF21D0 /* RotationContainer.swift */; };
		3D4EAB191B8410CC00C2F110 /* CaptureControlLabel.swift in Sources */ = {isa = PBXBuildFile; fileRef = 3D4EAB181B8410CB00C2F110 /* CaptureControlLabel.swift */; };
		3D4F17A31B73883500D4D74F /* AppDelegate.swift in Sources */ = {isa = PBXBuildFile; fileRef = 3D4F17A21B73883500D4D74F /* AppDelegate.swift */; };
		3D4F17A81B73883500D4D74F /* Main.storyboard in Resources */ = {isa = PBXBuildFile; fileRef = 3D4F17A61B73883500D4D74F /* Main.storyboard */; };
		3D4F17AA1B73883500D4D74F /* Assets.xcassets in Resources */ = {isa = PBXBuildFile; fileRef = 3D4F17A91B73883500D4D74F /* Assets.xcassets */; };
		3D4F17AD1B73883500D4D74F /* LaunchScreen.storyboard in Resources */ = {isa = PBXBuildFile; fileRef = 3D4F17AB1B73883500D4D74F /* LaunchScreen.storyboard */; };
		3D5111C71B7E031000FCF97F /* QuartzCore.framework in Frameworks */ = {isa = PBXBuildFile; fileRef = 3D5111C61B7E031000FCF97F /* QuartzCore.framework */; };
		3D5111C91B7EC12F00FCF97F /* CoreGraphics.framework in Frameworks */ = {isa = PBXBuildFile; fileRef = 3D5111C81B7EC12F00FCF97F /* CoreGraphics.framework */; };
		3D5416B81BC79EAE00922A2B /* OptionControl.swift in Sources */ = {isa = PBXBuildFile; fileRef = 3D5416B71BC79EAE00922A2B /* OptionControl.swift */; };
		3D5598FF1BFB070800C65CA6 /* VolumeButtonHandler.swift in Sources */ = {isa = PBXBuildFile; fileRef = 3D5598FE1BFB070800C65CA6 /* VolumeButtonHandler.swift */; };
		3D644FD01C199FA100A7C467 /* FourCornerUI.mov in Resources */ = {isa = PBXBuildFile; fileRef = 3D644FCF1C199FA100A7C467 /* FourCornerUI.mov */; };
		3D70987A1B85502500AA49C2 /* CaptureShutterButton.swift in Sources */ = {isa = PBXBuildFile; fileRef = 3D7098791B85502500AA49C2 /* CaptureShutterButton.swift */; };
		3D7A9DD11C08867C007C1445 /* PagedGuideContent.swift in Sources */ = {isa = PBXBuildFile; fileRef = 3D7A9DD01C08867C007C1445 /* PagedGuideContent.swift */; };
		3D7A9DD31C094E9E007C1445 /* PagedGuide.swift in Sources */ = {isa = PBXBuildFile; fileRef = 3D7A9DD21C094E9E007C1445 /* PagedGuide.swift */; };
		3D7A9DD51C097CB3007C1445 /* MediaPlayer.framework in Frameworks */ = {isa = PBXBuildFile; fileRef = 3D7A9DD41C097CB3007C1445 /* MediaPlayer.framework */; };
		3D7A9DDE1C09DF09007C1445 /* TestFoot1.mov in Resources */ = {isa = PBXBuildFile; fileRef = 3D7A9DDA1C09DF09007C1445 /* TestFoot1.mov */; };
		3D7A9DDF1C09DF09007C1445 /* TestFoot2.mov in Resources */ = {isa = PBXBuildFile; fileRef = 3D7A9DDB1C09DF09007C1445 /* TestFoot2.mov */; };
		3D7A9DE01C09DF09007C1445 /* TestFoot3.mov in Resources */ = {isa = PBXBuildFile; fileRef = 3D7A9DDC1C09DF09007C1445 /* TestFoot3.mov */; };
		3D7A9DE11C09DF09007C1445 /* TestFoot4.mov in Resources */ = {isa = PBXBuildFile; fileRef = 3D7A9DDD1C09DF09007C1445 /* TestFoot4.mov */; };
		3D7FB63E1C214C85004D340C /* WarpSpeedDemo.mov in Resources */ = {isa = PBXBuildFile; fileRef = 3D7FB63D1C214C85004D340C /* WarpSpeedDemo.mov */; };
		3D7FB6401C214C9A004D340C /* AdvancedControlsDemo.mov in Resources */ = {isa = PBXBuildFile; fileRef = 3D7FB63F1C214C9A004D340C /* AdvancedControlsDemo.mov */; };
		3DA07FD5215DFAB600BC2C30 /* CaptureView2.swift in Sources */ = {isa = PBXBuildFile; fileRef = 3DA07FD4215DFAB600BC2C30 /* CaptureView2.swift */; };
		3DADC33C1BC4D4C000A74BC2 /* CaptureModeControl.swift in Sources */ = {isa = PBXBuildFile; fileRef = 3DADC33B1BC4D4C000A74BC2 /* CaptureModeControl.swift */; };
		3DADC33E1BC4D97D00A74BC2 /* ControlPanel.swift in Sources */ = {isa = PBXBuildFile; fileRef = 3DADC33D1BC4D97D00A74BC2 /* ControlPanel.swift */; };
		7D27C7ECEFE49BB316232FAF /* libPods-Manual Capture.a in Frameworks */ = {isa = PBXBuildFile; fileRef = F2E9FC9AD84EFA57481F6484 /* libPods-Manual Capture.a */; };
/* End PBXBuildFile section */

/* Begin PBXFileReference section */
		0F10EDF11BA0EC49007E722A /* Slider.swift */ = {isa = PBXFileReference; fileEncoding = 4; lastKnownFileType = sourcecode.swift; lineEnding = 0; path = Slider.swift; sourceTree = "<group>"; xcLanguageSpecificationIdentifier = xcode.lang.swift; };
		0F10EDF31BA1404B007E722A /* VPHandler.swift */ = {isa = PBXFileReference; fileEncoding = 4; lastKnownFileType = sourcecode.swift; path = VPHandler.swift; sourceTree = "<group>"; };
		0F2ED8D51BA92E1200F9332D /* CaptureView.swift */ = {isa = PBXFileReference; fileEncoding = 4; lastKnownFileType = sourcecode.swift; lineEnding = 0; path = CaptureView.swift; sourceTree = "<group>"; };
		0F3FC7BA1BABCA77004A350B /* SmartSlider.swift */ = {isa = PBXFileReference; fileEncoding = 4; lastKnownFileType = sourcecode.swift; lineEnding = 0; path = SmartSlider.swift; sourceTree = "<group>"; xcLanguageSpecificationIdentifier = xcode.lang.swift; };
		0F46E4471B9D7DD0000E32D1 /* CSController.swift */ = {isa = PBXFileReference; fileEncoding = 4; lastKnownFileType = sourcecode.swift; path = CSController.swift; sourceTree = "<group>"; };
		0F46E4491B9D84C7000E32D1 /* CaptureExtentions.swift */ = {isa = PBXFileReference; fileEncoding = 4; lastKnownFileType = sourcecode.swift; path = CaptureExtentions.swift; sourceTree = "<group>"; };
		0F46E44B1B9DACAE000E32D1 /* CaptureViewController.swift */ = {isa = PBXFileReference; fileEncoding = 4; lastKnownFileType = sourcecode.swift; path = CaptureViewController.swift; sourceTree = "<group>"; };
		0FB784151B9ECFC300C7FDA7 /* PDHandler.swift */ = {isa = PBXFileReference; fileEncoding = 4; lastKnownFileType = sourcecode.swift; name = PDHandler.swift; path = "Manual Capture/PDHandler.swift"; sourceTree = SOURCE_ROOT; };
		0FC4DC541B95BBA40009B4A7 /* Capture.entitlements */ = {isa = PBXFileReference; lastKnownFileType = text.xml; path = Capture.entitlements; sourceTree = "<group>"; };
		0FC4DC551B95BD630009B4A7 /* StoreKit.framework */ = {isa = PBXFileReference; lastKnownFileType = wrapper.framework; name = StoreKit.framework; path = System/Library/Frameworks/StoreKit.framework; sourceTree = SDKROOT; };
		0FC510E21BBD13EE00E4D0D8 /* CapturePreviewLayer.swift */ = {isa = PBXFileReference; fileEncoding = 4; lastKnownFileType = sourcecode.swift; path = CapturePreviewLayer.swift; sourceTree = "<group>"; };
		0FD828C71BB7A05F004162F0 /* ManualCaptureGlyph.swift */ = {isa = PBXFileReference; fileEncoding = 4; lastKnownFileType = sourcecode.swift; path = ManualCaptureGlyph.swift; sourceTree = "<group>"; };
		0FD828C91BB7C630004162F0 /* SmartSliderLine.swift */ = {isa = PBXFileReference; fileEncoding = 4; lastKnownFileType = sourcecode.swift; path = SmartSliderLine.swift; sourceTree = "<group>"; };
		0FE500B61BB50ECA00D5B13D /* SmartSliderKnobLayer.swift */ = {isa = PBXFileReference; fileEncoding = 4; lastKnownFileType = sourcecode.swift; path = SmartSliderKnobLayer.swift; sourceTree = "<group>"; };
		0FEA847E1B944781002135DE /* AVFoundation.framework */ = {isa = PBXFileReference; lastKnownFileType = wrapper.framework; name = AVFoundation.framework; path = System/Library/Frameworks/AVFoundation.framework; sourceTree = SDKROOT; };
		0FFFDDB11BA7F35A002432FB /* ObjcBridgeHeader.h */ = {isa = PBXFileReference; fileEncoding = 4; lastKnownFileType = sourcecode.c.h; path = ObjcBridgeHeader.h; sourceTree = "<group>"; };
		3D17E4C221630ABC008AF466 /* Photos.framework */ = {isa = PBXFileReference; lastKnownFileType = wrapper.framework; name = Photos.framework; path = System/Library/Frameworks/Photos.framework; sourceTree = SDKROOT; };
		3D3AA9CD1BCB5FAF00EF2B84 /* SampleImage.JPG */ = {isa = PBXFileReference; lastKnownFileType = image.jpeg; path = SampleImage.JPG; sourceTree = "<group>"; };
		3D3AD8431C01DCBF007583A7 /* CaptureViewController2.swift */ = {isa = PBXFileReference; fileEncoding = 4; lastKnownFileType = sourcecode.swift; path = CaptureViewController2.swift; sourceTree = "<group>"; };
		3D3AD8451C01DF0A007583A7 /* CaptureConstraints.swift */ = {isa = PBXFileReference; fileEncoding = 4; lastKnownFileType = sourcecode.swift; path = CaptureConstraints.swift; sourceTree = "<group>"; };
		3D3AD8471C037B12007583A7 /* CapturePreviewView.swift */ = {isa = PBXFileReference; fileEncoding = 4; lastKnownFileType = sourcecode.swift; path = CapturePreviewView.swift; sourceTree = "<group>"; };
		3D3AD8491C043389007583A7 /* CSController2.swift */ = {isa = PBXFileReference; fileEncoding = 4; lastKnownFileType = sourcecode.swift; path = CSController2.swift; sourceTree = "<group>"; };
		3D41A0A31C634B0900BF21D0 /* RotationContainer.swift */ = {isa = PBXFileReference; fileEncoding = 4; lastKnownFileType = sourcecode.swift; path = RotationContainer.swift; sourceTree = "<group>"; };
		3D4EAB181B8410CB00C2F110 /* CaptureControlLabel.swift */ = {isa = PBXFileReference; fileEncoding = 4; lastKnownFileType = sourcecode.swift; lineEnding = 0; path = CaptureControlLabel.swift; sourceTree = "<group>"; xcLanguageSpecificationIdentifier = xcode.lang.swift; };
		3D4F179F1B73883500D4D74F /* Capture.app */ = {isa = PBXFileReference; explicitFileType = wrapper.application; includeInIndex = 0; path = Capture.app; sourceTree = BUILT_PRODUCTS_DIR; };
		3D4F17A21B73883500D4D74F /* AppDelegate.swift */ = {isa = PBXFileReference; lastKnownFileType = sourcecode.swift; path = AppDelegate.swift; sourceTree = "<group>"; };
		3D4F17A71B73883500D4D74F /* Base */ = {isa = PBXFileReference; lastKnownFileType = file.storyboard; name = Base; path = Base.lproj/Main.storyboard; sourceTree = "<group>"; };
		3D4F17A91B73883500D4D74F /* Assets.xcassets */ = {isa = PBXFileReference; lastKnownFileType = folder.assetcatalog; path = Assets.xcassets; sourceTree = "<group>"; };
		3D4F17AC1B73883500D4D74F /* Base */ = {isa = PBXFileReference; lastKnownFileType = file.storyboard; name = Base; path = Base.lproj/LaunchScreen.storyboard; sourceTree = "<group>"; };
		3D4F17AE1B73883500D4D74F /* Info.plist */ = {isa = PBXFileReference; lastKnownFileType = text.plist.xml; path = Info.plist; sourceTree = "<group>"; };
		3D5111C61B7E031000FCF97F /* QuartzCore.framework */ = {isa = PBXFileReference; lastKnownFileType = wrapper.framework; name = QuartzCore.framework; path = System/Library/Frameworks/QuartzCore.framework; sourceTree = SDKROOT; };
		3D5111C81B7EC12F00FCF97F /* CoreGraphics.framework */ = {isa = PBXFileReference; lastKnownFileType = wrapper.framework; name = CoreGraphics.framework; path = System/Library/Frameworks/CoreGraphics.framework; sourceTree = SDKROOT; };
		3D5416B71BC79EAE00922A2B /* OptionControl.swift */ = {isa = PBXFileReference; fileEncoding = 4; lastKnownFileType = sourcecode.swift; path = OptionControl.swift; sourceTree = "<group>"; };
		3D5598FE1BFB070800C65CA6 /* VolumeButtonHandler.swift */ = {isa = PBXFileReference; fileEncoding = 4; lastKnownFileType = sourcecode.swift; path = VolumeButtonHandler.swift; sourceTree = "<group>"; };
		3D644FCF1C199FA100A7C467 /* FourCornerUI.mov */ = {isa = PBXFileReference; lastKnownFileType = video.quicktime; path = FourCornerUI.mov; sourceTree = "<group>"; };
		3D7098791B85502500AA49C2 /* CaptureShutterButton.swift */ = {isa = PBXFileReference; fileEncoding = 4; lastKnownFileType = sourcecode.swift; path = CaptureShutterButton.swift; sourceTree = "<group>"; };
		3D7A9DD01C08867C007C1445 /* PagedGuideContent.swift */ = {isa = PBXFileReference; fileEncoding = 4; lastKnownFileType = sourcecode.swift; path = PagedGuideContent.swift; sourceTree = "<group>"; };
		3D7A9DD21C094E9E007C1445 /* PagedGuide.swift */ = {isa = PBXFileReference; fileEncoding = 4; lastKnownFileType = sourcecode.swift; path = PagedGuide.swift; sourceTree = "<group>"; };
		3D7A9DD41C097CB3007C1445 /* MediaPlayer.framework */ = {isa = PBXFileReference; lastKnownFileType = wrapper.framework; name = MediaPlayer.framework; path = System/Library/Frameworks/MediaPlayer.framework; sourceTree = SDKROOT; };
		3D7A9DDA1C09DF09007C1445 /* TestFoot1.mov */ = {isa = PBXFileReference; lastKnownFileType = video.quicktime; path = TestFoot1.mov; sourceTree = "<group>"; };
		3D7A9DDB1C09DF09007C1445 /* TestFoot2.mov */ = {isa = PBXFileReference; lastKnownFileType = video.quicktime; path = TestFoot2.mov; sourceTree = "<group>"; };
		3D7A9DDC1C09DF09007C1445 /* TestFoot3.mov */ = {isa = PBXFileReference; lastKnownFileType = video.quicktime; path = TestFoot3.mov; sourceTree = "<group>"; };
		3D7A9DDD1C09DF09007C1445 /* TestFoot4.mov */ = {isa = PBXFileReference; lastKnownFileType = video.quicktime; path = TestFoot4.mov; sourceTree = "<group>"; };
		3D7FB63D1C214C85004D340C /* WarpSpeedDemo.mov */ = {isa = PBXFileReference; lastKnownFileType = video.quicktime; path = WarpSpeedDemo.mov; sourceTree = "<group>"; };
		3D7FB63F1C214C9A004D340C /* AdvancedControlsDemo.mov */ = {isa = PBXFileReference; lastKnownFileType = video.quicktime; path = AdvancedControlsDemo.mov; sourceTree = "<group>"; };
		3DA07FD4215DFAB600BC2C30 /* CaptureView2.swift */ = {isa = PBXFileReference; fileEncoding = 4; lastKnownFileType = sourcecode.swift; path = CaptureView2.swift; sourceTree = "<group>"; };
		3DADC33B1BC4D4C000A74BC2 /* CaptureModeControl.swift */ = {isa = PBXFileReference; fileEncoding = 4; lastKnownFileType = sourcecode.swift; path = CaptureModeControl.swift; sourceTree = "<group>"; };
		3DADC33D1BC4D97D00A74BC2 /* ControlPanel.swift */ = {isa = PBXFileReference; fileEncoding = 4; lastKnownFileType = sourcecode.swift; path = ControlPanel.swift; sourceTree = "<group>"; };
		6394383D169B8EEAF441FD2B /* Pods-Manual Capture.release.xcconfig */ = {isa = PBXFileReference; includeInIndex = 1; lastKnownFileType = text.xcconfig; name = "Pods-Manual Capture.release.xcconfig"; path = "Pods/Target Support Files/Pods-Manual Capture/Pods-Manual Capture.release.xcconfig"; sourceTree = "<group>"; };
		845A00742B6D7055D3F3E02D /* Pods-Manual Capture.debug.xcconfig */ = {isa = PBXFileReference; includeInIndex = 1; lastKnownFileType = text.xcconfig; name = "Pods-Manual Capture.debug.xcconfig"; path = "Pods/Target Support Files/Pods-Manual Capture/Pods-Manual Capture.debug.xcconfig"; sourceTree = "<group>"; };
		F2E9FC9AD84EFA57481F6484 /* libPods-Manual Capture.a */ = {isa = PBXFileReference; explicitFileType = archive.ar; includeInIndex = 0; path = "libPods-Manual Capture.a"; sourceTree = BUILT_PRODUCTS_DIR; };
/* End PBXFileReference section */

/* Begin PBXFrameworksBuildPhase section */
		3D4F179C1B73883500D4D74F /* Frameworks */ = {
			isa = PBXFrameworksBuildPhase;
			buildActionMask = 2147483647;
			files = (
				3D17E4C321630ABC008AF466 /* Photos.framework in Frameworks */,
				3D7A9DD51C097CB3007C1445 /* MediaPlayer.framework in Frameworks */,
				0FEA847F1B944781002135DE /* AVFoundation.framework in Frameworks */,
				3D5111C91B7EC12F00FCF97F /* CoreGraphics.framework in Frameworks */,
				3D5111C71B7E031000FCF97F /* QuartzCore.framework in Frameworks */,
				0FC4DC561B95BD630009B4A7 /* StoreKit.framework in Frameworks */,
				7D27C7ECEFE49BB316232FAF /* libPods-Manual Capture.a in Frameworks */,
			);
			runOnlyForDeploymentPostprocessing = 0;
		};
/* End PBXFrameworksBuildPhase section */

/* Begin PBXGroup section */
		0FB784171BA0229C00C7FDA7 /* UI Classes */ = {
			isa = PBXGroup;
			children = (
				3D3AD8451C01DF0A007583A7 /* CaptureConstraints.swift */,
				0F2ED8D51BA92E1200F9332D /* CaptureView.swift */,
				3DA07FD4215DFAB600BC2C30 /* CaptureView2.swift */,
				0FC510E21BBD13EE00E4D0D8 /* CapturePreviewLayer.swift */,
				3D3AD8471C037B12007583A7 /* CapturePreviewView.swift */,
				3DADC33D1BC4D97D00A74BC2 /* ControlPanel.swift */,
				3DADC33B1BC4D4C000A74BC2 /* CaptureModeControl.swift */,
				3D5416B71BC79EAE00922A2B /* OptionControl.swift */,
				3D7098791B85502500AA49C2 /* CaptureShutterButton.swift */,
				3D4EAB181B8410CB00C2F110 /* CaptureControlLabel.swift */,
				0FB784191BA0230600C7FDA7 /* Slider */,
			);
			name = "UI Classes";
			path = "Manual Capture";
			sourceTree = SOURCE_ROOT;
		};
		0FB784191BA0230600C7FDA7 /* Slider */ = {
			isa = PBXGroup;
			children = (
				0F10EDF11BA0EC49007E722A /* Slider.swift */,
				0F3FC7BA1BABCA77004A350B /* SmartSlider.swift */,
				0FE500B61BB50ECA00D5B13D /* SmartSliderKnobLayer.swift */,
				0FD828C91BB7C630004162F0 /* SmartSliderLine.swift */,
				0FD828C71BB7A05F004162F0 /* ManualCaptureGlyph.swift */,
				0F10EDF31BA1404B007E722A /* VPHandler.swift */,
				0FB784151B9ECFC300C7FDA7 /* PDHandler.swift */,
			);
			name = Slider;
			sourceTree = "<group>";
		};
		2CC5685E194947379CA14001 /* Pods */ = {
			isa = PBXGroup;
			children = (
				845A00742B6D7055D3F3E02D /* Pods-Manual Capture.debug.xcconfig */,
				6394383D169B8EEAF441FD2B /* Pods-Manual Capture.release.xcconfig */,
			);
			name = Pods;
			sourceTree = "<group>";
		};
		3D4F17961B73883500D4D74F = {
			isa = PBXGroup;
			children = (
				3D4F17A11B73883500D4D74F /* Manual Capture */,
				3D4F17A01B73883500D4D74F /* Products */,
				8FFB1C14B6A6C64DF6AD76E4 /* Frameworks */,
				2CC5685E194947379CA14001 /* Pods */,
			);
			sourceTree = "<group>";
		};
		3D4F17A01B73883500D4D74F /* Products */ = {
			isa = PBXGroup;
			children = (
				3D4F179F1B73883500D4D74F /* Capture.app */,
			);
			name = Products;
			sourceTree = "<group>";
		};
		3D4F17A11B73883500D4D74F /* Manual Capture */ = {
			isa = PBXGroup;
			children = (
				0FC4DC541B95BBA40009B4A7 /* Capture.entitlements */,
				0FFFDDB11BA7F35A002432FB /* ObjcBridgeHeader.h */,
				3D4F17A21B73883500D4D74F /* AppDelegate.swift */,
				3D4F17A61B73883500D4D74F /* Main.storyboard */,
				3D7A9DD01C08867C007C1445 /* PagedGuideContent.swift */,
				3D7A9DD21C094E9E007C1445 /* PagedGuide.swift */,
				0F46E44B1B9DACAE000E32D1 /* CaptureViewController.swift */,
				3D3AD8431C01DCBF007583A7 /* CaptureViewController2.swift */,
				3D41A0A31C634B0900BF21D0 /* RotationContainer.swift */,
				0F46E4471B9D7DD0000E32D1 /* CSController.swift */,
				3D3AD8491C043389007583A7 /* CSController2.swift */,
				3D5598FE1BFB070800C65CA6 /* VolumeButtonHandler.swift */,
				0F46E4491B9D84C7000E32D1 /* CaptureExtentions.swift */,
				3D3AA9CD1BCB5FAF00EF2B84 /* SampleImage.JPG */,
				3D644FCF1C199FA100A7C467 /* FourCornerUI.mov */,
				3D7FB63F1C214C9A004D340C /* AdvancedControlsDemo.mov */,
				3D7FB63D1C214C85004D340C /* WarpSpeedDemo.mov */,
				3D7A9DDA1C09DF09007C1445 /* TestFoot1.mov */,
				3D7A9DDB1C09DF09007C1445 /* TestFoot2.mov */,
				3D7A9DDC1C09DF09007C1445 /* TestFoot3.mov */,
				3D7A9DDD1C09DF09007C1445 /* TestFoot4.mov */,
				0FB784171BA0229C00C7FDA7 /* UI Classes */,
				3D4F17A91B73883500D4D74F /* Assets.xcassets */,
				3D4F17AB1B73883500D4D74F /* LaunchScreen.storyboard */,
				3D4F17AE1B73883500D4D74F /* Info.plist */,
			);
			path = "Manual Capture";
			sourceTree = "<group>";
		};
		8FFB1C14B6A6C64DF6AD76E4 /* Frameworks */ = {
			isa = PBXGroup;
			children = (
				3D17E4C221630ABC008AF466 /* Photos.framework */,
				3D7A9DD41C097CB3007C1445 /* MediaPlayer.framework */,
				0FC4DC551B95BD630009B4A7 /* StoreKit.framework */,
				0FEA847E1B944781002135DE /* AVFoundation.framework */,
				3D5111C81B7EC12F00FCF97F /* CoreGraphics.framework */,
				3D5111C61B7E031000FCF97F /* QuartzCore.framework */,
				F2E9FC9AD84EFA57481F6484 /* libPods-Manual Capture.a */,
			);
			name = Frameworks;
			sourceTree = "<group>";
		};
/* End PBXGroup section */

/* Begin PBXNativeTarget section */
		3D4F179E1B73883500D4D74F /* Manual Capture */ = {
			isa = PBXNativeTarget;
			buildConfigurationList = 3D4F17C71B73883500D4D74F /* Build configuration list for PBXNativeTarget "Manual Capture" */;
			buildPhases = (
				F9C37A9CEDD006BF2A6F79AC /* [CP] Check Pods Manifest.lock */,
				3D4F179B1B73883500D4D74F /* Sources */,
				3D4F179C1B73883500D4D74F /* Frameworks */,
				3D4F179D1B73883500D4D74F /* Resources */,
				0FEA84801B944D6F002135DE /* ShellScript */,
				162E673B2350E7EA94EF3F78 /* [CP] Copy Pods Resources */,
			);
			buildRules = (
			);
			dependencies = (
			);
			name = "Manual Capture";
			productName = "Manual Capture";
			productReference = 3D4F179F1B73883500D4D74F /* Capture.app */;
			productType = "com.apple.product-type.application";
		};
/* End PBXNativeTarget section */

/* Begin PBXProject section */
		3D4F17971B73883500D4D74F /* Project object */ = {
			isa = PBXProject;
			attributes = {
				LastSwiftMigration = 0710;
				LastUpgradeCheck = 1000;
				ORGANIZATIONNAME = mobileuse;
				TargetAttributes = {
					3D4F179E1B73883500D4D74F = {
						CreatedOnToolsVersion = 7.0;
						DevelopmentTeam = Q74A2VY23K;
						SystemCapabilities = {
							com.apple.ApplicationGroups.iOS = {
								enabled = 1;
							};
							com.apple.InAppPurchase = {
								enabled = 1;
							};
							com.apple.Push = {
								enabled = 0;
							};
						};
					};
				};
			};
			buildConfigurationList = 3D4F179A1B73883500D4D74F /* Build configuration list for PBXProject "Capture" */;
			compatibilityVersion = "Xcode 3.2";
			developmentRegion = English;
			hasScannedForEncodings = 0;
			knownRegions = (
				en,
				Base,
			);
			mainGroup = 3D4F17961B73883500D4D74F;
			productRefGroup = 3D4F17A01B73883500D4D74F /* Products */;
			projectDirPath = "";
			projectRoot = "";
			targets = (
				3D4F179E1B73883500D4D74F /* Manual Capture */,
			);
		};
/* End PBXProject section */

/* Begin PBXResourcesBuildPhase section */
		3D4F179D1B73883500D4D74F /* Resources */ = {
			isa = PBXResourcesBuildPhase;
			buildActionMask = 2147483647;
			files = (
				3D644FD01C199FA100A7C467 /* FourCornerUI.mov in Resources */,
				3D3AA9CE1BCB5FAF00EF2B84 /* SampleImage.JPG in Resources */,
				3D7A9DE11C09DF09007C1445 /* TestFoot4.mov in Resources */,
				3D4F17AD1B73883500D4D74F /* LaunchScreen.storyboard in Resources */,
				3D7A9DDE1C09DF09007C1445 /* TestFoot1.mov in Resources */,
				3D4F17AA1B73883500D4D74F /* Assets.xcassets in Resources */,
				3D4F17A81B73883500D4D74F /* Main.storyboard in Resources */,
				3D7FB63E1C214C85004D340C /* WarpSpeedDemo.mov in Resources */,
				3D7A9DE01C09DF09007C1445 /* TestFoot3.mov in Resources */,
				3D7A9DDF1C09DF09007C1445 /* TestFoot2.mov in Resources */,
				3D7FB6401C214C9A004D340C /* AdvancedControlsDemo.mov in Resources */,
			);
			runOnlyForDeploymentPostprocessing = 0;
		};
/* End PBXResourcesBuildPhase section */

/* Begin PBXShellScriptBuildPhase section */
		0FEA84801B944D6F002135DE /* ShellScript */ = {
			isa = PBXShellScriptBuildPhase;
			buildActionMask = 2147483647;
			files = (
			);
			inputPaths = (
			);
			outputPaths = (
			);
			runOnlyForDeploymentPostprocessing = 0;
			shellPath = /bin/sh;
			shellScript = "buildNumber=$(/usr/libexec/PlistBuddy -c \"Print CFBundleVersion\" \"${PROJECT_DIR}/${INFOPLIST_FILE}\")\nbuildNumber=$(($buildNumber + 1))\n/usr/libexec/PlistBuddy -c \"Set :CFBundleVersion $buildNumber\" \"${PROJECT_DIR}/${INFOPLIST_FILE}\"";
		};
		162E673B2350E7EA94EF3F78 /* [CP] Copy Pods Resources */ = {
			isa = PBXShellScriptBuildPhase;
			buildActionMask = 2147483647;
			files = (
			);
			inputFileListPaths = (
			);
			inputPaths = (
				"${SRCROOT}/Pods/Target Support Files/Pods-Manual Capture/Pods-Manual Capture-resources.sh",
				"${PODS_CONFIGURATION_BUILD_DIR}/MWPhotoBrowser/MWPhotoBrowser.bundle",
			);
			name = "[CP] Copy Pods Resources";
			outputFileListPaths = (
			);
			outputPaths = (
				"${TARGET_BUILD_DIR}/${UNLOCALIZED_RESOURCES_FOLDER_PATH}/MWPhotoBrowser.bundle",
			);
			runOnlyForDeploymentPostprocessing = 0;
			shellPath = /bin/sh;
			shellScript = "\"${SRCROOT}/Pods/Target Support Files/Pods-Manual Capture/Pods-Manual Capture-resources.sh\"\n";
			showEnvVarsInLog = 0;
		};
		F9C37A9CEDD006BF2A6F79AC /* [CP] Check Pods Manifest.lock */ = {
			isa = PBXShellScriptBuildPhase;
			buildActionMask = 2147483647;
			files = (
			);
			inputFileListPaths = (
			);
			inputPaths = (
				"${PODS_PODFILE_DIR_PATH}/Podfile.lock",
				"${PODS_ROOT}/Manifest.lock",
			);
			name = "[CP] Check Pods Manifest.lock";
			outputFileListPaths = (
			);
			outputPaths = (
				"$(DERIVED_FILE_DIR)/Pods-Manual Capture-checkManifestLockResult.txt",
			);
			runOnlyForDeploymentPostprocessing = 0;
			shellPath = /bin/sh;
			shellScript = "diff \"${PODS_PODFILE_DIR_PATH}/Podfile.lock\" \"${PODS_ROOT}/Manifest.lock\" > /dev/null\nif [ $? != 0 ] ; then\n    # print error to STDERR\n    echo \"error: The sandbox is not in sync with the Podfile.lock. Run 'pod install' or update your CocoaPods installation.\" >&2\n    exit 1\nfi\n# This output is used by Xcode 'outputs' to avoid re-running this script phase.\necho \"SUCCESS\" > \"${SCRIPT_OUTPUT_FILE_0}\"\n";
			showEnvVarsInLog = 0;
		};
/* End PBXShellScriptBuildPhase section */

/* Begin PBXSourcesBuildPhase section */
		3D4F179B1B73883500D4D74F /* Sources */ = {
			isa = PBXSourcesBuildPhase;
			buildActionMask = 2147483647;
			files = (
				0FD828CA1BB7C630004162F0 /* SmartSliderLine.swift in Sources */,
				0FB784161B9ECFC300C7FDA7 /* PDHandler.swift in Sources */,
				0F2ED8D61BA92E1200F9332D /* CaptureView.swift in Sources */,
				0F3FC7BB1BABCA77004A350B /* SmartSlider.swift in Sources */,
				0F10EDF21BA0EC49007E722A /* Slider.swift in Sources */,
				3D5416B81BC79EAE00922A2B /* OptionControl.swift in Sources */,
				0F46E44C1B9DACAE000E32D1 /* CaptureViewController.swift in Sources */,
				0F46E4481B9D7DD0000E32D1 /* CSController.swift in Sources */,
				3D3AD8441C01DCBF007583A7 /* CaptureViewController2.swift in Sources */,
				3DA07FD5215DFAB600BC2C30 /* CaptureView2.swift in Sources */,
				3D5598FF1BFB070800C65CA6 /* VolumeButtonHandler.swift in Sources */,
				0FD828C81BB7A05F004162F0 /* ManualCaptureGlyph.swift in Sources */,
				3D3AD84A1C043389007583A7 /* CSController2.swift in Sources */,
				3D7A9DD11C08867C007C1445 /* PagedGuideContent.swift in Sources */,
				0FE500B71BB50ECA00D5B13D /* SmartSliderKnobLayer.swift in Sources */,
				3D3AD8461C01DF0A007583A7 /* CaptureConstraints.swift in Sources */,
				3D70987A1B85502500AA49C2 /* CaptureShutterButton.swift in Sources */,
				3D3AD8481C037B12007583A7 /* CapturePreviewView.swift in Sources */,
				0F46E44A1B9D84C7000E32D1 /* CaptureExtentions.swift in Sources */,
				0F10EDF41BA1404B007E722A /* VPHandler.swift in Sources */,
				3D41A0A41C634B0900BF21D0 /* RotationContainer.swift in Sources */,
				3D4EAB191B8410CC00C2F110 /* CaptureControlLabel.swift in Sources */,
				3DADC33E1BC4D97D00A74BC2 /* ControlPanel.swift in Sources */,
				3DADC33C1BC4D4C000A74BC2 /* CaptureModeControl.swift in Sources */,
				3D7A9DD31C094E9E007C1445 /* PagedGuide.swift in Sources */,
				0FC510E31BBD13EE00E4D0D8 /* CapturePreviewLayer.swift in Sources */,
				3D4F17A31B73883500D4D74F /* AppDelegate.swift in Sources */,
			);
			runOnlyForDeploymentPostprocessing = 0;
		};
/* End PBXSourcesBuildPhase section */

/* Begin PBXVariantGroup section */
		3D4F17A61B73883500D4D74F /* Main.storyboard */ = {
			isa = PBXVariantGroup;
			children = (
				3D4F17A71B73883500D4D74F /* Base */,
			);
			name = Main.storyboard;
			sourceTree = "<group>";
		};
		3D4F17AB1B73883500D4D74F /* LaunchScreen.storyboard */ = {
			isa = PBXVariantGroup;
			children = (
				3D4F17AC1B73883500D4D74F /* Base */,
			);
			name = LaunchScreen.storyboard;
			sourceTree = "<group>";
		};
/* End PBXVariantGroup section */

/* Begin XCBuildConfiguration section */
		3D4F17C51B73883500D4D74F /* Debug */ = {
			isa = XCBuildConfiguration;
			buildSettings = {
				ALWAYS_SEARCH_USER_PATHS = NO;
				CLANG_CXX_LANGUAGE_STANDARD = "gnu++0x";
				CLANG_CXX_LIBRARY = "libc++";
				CLANG_ENABLE_MODULES = YES;
				CLANG_ENABLE_OBJC_ARC = YES;
				CLANG_WARN_BLOCK_CAPTURE_AUTORELEASING = YES;
				CLANG_WARN_BOOL_CONVERSION = YES;
				CLANG_WARN_COMMA = YES;
				CLANG_WARN_CONSTANT_CONVERSION = YES;
				CLANG_WARN_DEPRECATED_OBJC_IMPLEMENTATIONS = YES;
				CLANG_WARN_DIRECT_OBJC_ISA_USAGE = YES_ERROR;
				CLANG_WARN_EMPTY_BODY = YES;
				CLANG_WARN_ENUM_CONVERSION = YES;
				CLANG_WARN_INFINITE_RECURSION = YES;
				CLANG_WARN_INT_CONVERSION = YES;
				CLANG_WARN_NON_LITERAL_NULL_CONVERSION = YES;
				CLANG_WARN_OBJC_IMPLICIT_RETAIN_SELF = YES;
				CLANG_WARN_OBJC_LITERAL_CONVERSION = YES;
				CLANG_WARN_OBJC_ROOT_CLASS = YES_ERROR;
				CLANG_WARN_RANGE_LOOP_ANALYSIS = YES;
				CLANG_WARN_STRICT_PROTOTYPES = YES;
				CLANG_WARN_SUSPICIOUS_MOVE = YES;
				CLANG_WARN_UNREACHABLE_CODE = YES;
				CLANG_WARN__DUPLICATE_METHOD_MATCH = YES;
				"CODE_SIGN_IDENTITY[sdk=iphoneos*]" = "iPhone Developer";
				COPY_PHASE_STRIP = NO;
				DEBUG_INFORMATION_FORMAT = dwarf;
				ENABLE_STRICT_OBJC_MSGSEND = YES;
				ENABLE_TESTABILITY = YES;
				GCC_C_LANGUAGE_STANDARD = gnu99;
				GCC_DYNAMIC_NO_PIC = NO;
				GCC_NO_COMMON_BLOCKS = YES;
				GCC_OPTIMIZATION_LEVEL = 0;
				GCC_PREPROCESSOR_DEFINITIONS = (
					"DEBUG=1",
					"$(inherited)",
				);
				GCC_WARN_64_TO_32_BIT_CONVERSION = YES;
				GCC_WARN_ABOUT_RETURN_TYPE = YES_ERROR;
				GCC_WARN_UNDECLARED_SELECTOR = YES;
				GCC_WARN_UNINITIALIZED_AUTOS = YES_AGGRESSIVE;
				GCC_WARN_UNUSED_FUNCTION = YES;
				GCC_WARN_UNUSED_VARIABLE = YES;
				IPHONEOS_DEPLOYMENT_TARGET = 9.0;
				MTL_ENABLE_DEBUG_INFO = YES;
				ONLY_ACTIVE_ARCH = YES;
				SDKROOT = iphoneos;
				SWIFT_OPTIMIZATION_LEVEL = "-Onone";
				SWIFT_VERSION = 4.0;
				TARGETED_DEVICE_FAMILY = "1,2";
			};
			name = Debug;
		};
		3D4F17C61B73883500D4D74F /* Release */ = {
			isa = XCBuildConfiguration;
			buildSettings = {
				ALWAYS_SEARCH_USER_PATHS = NO;
				CLANG_CXX_LANGUAGE_STANDARD = "gnu++0x";
				CLANG_CXX_LIBRARY = "libc++";
				CLANG_ENABLE_MODULES = YES;
				CLANG_ENABLE_OBJC_ARC = YES;
				CLANG_WARN_BLOCK_CAPTURE_AUTORELEASING = YES;
				CLANG_WARN_BOOL_CONVERSION = YES;
				CLANG_WARN_COMMA = YES;
				CLANG_WARN_CONSTANT_CONVERSION = YES;
				CLANG_WARN_DEPRECATED_OBJC_IMPLEMENTATIONS = YES;
				CLANG_WARN_DIRECT_OBJC_ISA_USAGE = YES_ERROR;
				CLANG_WARN_EMPTY_BODY = YES;
				CLANG_WARN_ENUM_CONVERSION = YES;
				CLANG_WARN_INFINITE_RECURSION = YES;
				CLANG_WARN_INT_CONVERSION = YES;
				CLANG_WARN_NON_LITERAL_NULL_CONVERSION = YES;
				CLANG_WARN_OBJC_IMPLICIT_RETAIN_SELF = YES;
				CLANG_WARN_OBJC_LITERAL_CONVERSION = YES;
				CLANG_WARN_OBJC_ROOT_CLASS = YES_ERROR;
				CLANG_WARN_RANGE_LOOP_ANALYSIS = YES;
				CLANG_WARN_STRICT_PROTOTYPES = YES;
				CLANG_WARN_SUSPICIOUS_MOVE = YES;
				CLANG_WARN_UNREACHABLE_CODE = YES;
				CLANG_WARN__DUPLICATE_METHOD_MATCH = YES;
				"CODE_SIGN_IDENTITY[sdk=iphoneos*]" = "iPhone Developer";
				COPY_PHASE_STRIP = NO;
				DEBUG_INFORMATION_FORMAT = "dwarf-with-dsym";
				ENABLE_NS_ASSERTIONS = NO;
				ENABLE_STRICT_OBJC_MSGSEND = YES;
				GCC_C_LANGUAGE_STANDARD = gnu99;
				GCC_NO_COMMON_BLOCKS = YES;
				GCC_WARN_64_TO_32_BIT_CONVERSION = YES;
				GCC_WARN_ABOUT_RETURN_TYPE = YES_ERROR;
				GCC_WARN_UNDECLARED_SELECTOR = YES;
				GCC_WARN_UNINITIALIZED_AUTOS = YES_AGGRESSIVE;
				GCC_WARN_UNUSED_FUNCTION = YES;
				GCC_WARN_UNUSED_VARIABLE = YES;
				IPHONEOS_DEPLOYMENT_TARGET = 9.0;
				MTL_ENABLE_DEBUG_INFO = NO;
				SDKROOT = iphoneos;
				SWIFT_COMPILATION_MODE = wholemodule;
				SWIFT_VERSION = 4.0;
				TARGETED_DEVICE_FAMILY = "1,2";
				VALIDATE_PRODUCT = YES;
			};
			name = Release;
		};
		3D4F17C81B73883500D4D74F /* Debug */ = {
			isa = XCBuildConfiguration;
			baseConfigurationReference = 845A00742B6D7055D3F3E02D /* Pods-Manual Capture.debug.xcconfig */;
			buildSettings = {
				ASSETCATALOG_COMPILER_APPICON_NAME = AppIcon;
				CLANG_USE_OPTIMIZATION_PROFILE = NO;
				CODE_SIGN_ENTITLEMENTS = "Manual Capture/Capture.entitlements";
				CODE_SIGN_IDENTITY = "iPhone Developer";
				"CODE_SIGN_IDENTITY[sdk=iphoneos*]" = "iPhone Developer";
				CURRENT_PROJECT_VERSION = "";
				HEADER_SEARCH_PATHS = "$(SOURCE_ROOT)/Pods/**";
				INFOPLIST_FILE = "Manual Capture/Info.plist";
				IPHONEOS_DEPLOYMENT_TARGET = 8.1;
				LD_RUNPATH_SEARCH_PATHS = "$(inherited) @executable_path/Frameworks";
				PRODUCT_BUNDLE_IDENTIFIER = "com.kobejean.manual-camera";
				PRODUCT_NAME = Capture;
				PROVISIONING_PROFILE = "";
				SWIFT_OBJC_BRIDGING_HEADER = "Manual Capture/ObjcBridgeHeader.h";
				SWIFT_VERSION = 4.2;
				VERSIONING_SYSTEM = "";
			};
			name = Debug;
		};
		3D4F17C91B73883500D4D74F /* Release */ = {
			isa = XCBuildConfiguration;
			baseConfigurationReference = 6394383D169B8EEAF441FD2B /* Pods-Manual Capture.release.xcconfig */;
			buildSettings = {
				ASSETCATALOG_COMPILER_APPICON_NAME = AppIcon;
				CLANG_USE_OPTIMIZATION_PROFILE = NO;
				CODE_SIGN_ENTITLEMENTS = "Manual Capture/Capture.entitlements";
				CODE_SIGN_IDENTITY = "iPhone Developer";
				"CODE_SIGN_IDENTITY[sdk=iphoneos*]" = "iPhone Developer";
				CURRENT_PROJECT_VERSION = "";
				HEADER_SEARCH_PATHS = "$(SOURCE_ROOT)/Pods/**";
				INFOPLIST_FILE = "Manual Capture/Info.plist";
				IPHONEOS_DEPLOYMENT_TARGET = 8.1;
				LD_RUNPATH_SEARCH_PATHS = "$(inherited) @executable_path/Frameworks";
				PRODUCT_BUNDLE_IDENTIFIER = "com.kobejean.manual-camera";
				PRODUCT_NAME = Capture;
				PROVISIONING_PROFILE = "";
				SWIFT_OBJC_BRIDGING_HEADER = "Manual Capture/ObjcBridgeHeader.h";
				SWIFT_VERSION = 4.2;
				VERSIONING_SYSTEM = "";
			};
			name = Release;
		};
/* End XCBuildConfiguration section */

/* Begin XCConfigurationList section */
		3D4F179A1B73883500D4D74F /* Build configuration list for PBXProject "Capture" */ = {
			isa = XCConfigurationList;
			buildConfigurations = (
				3D4F17C51B73883500D4D74F /* Debug */,
				3D4F17C61B73883500D4D74F /* Release */,
			);
			defaultConfigurationIsVisible = 0;
			defaultConfigurationName = Release;
		};
		3D4F17C71B73883500D4D74F /* Build configuration list for PBXNativeTarget "Manual Capture" */ = {
			isa = XCConfigurationList;
			buildConfigurations = (
				3D4F17C81B73883500D4D74F /* Debug */,
				3D4F17C91B73883500D4D74F /* Release */,
			);
			defaultConfigurationIsVisible = 0;
			defaultConfigurationName = Release;
		};
/* End XCConfigurationList section */
	};
	rootObject = 3D4F17971B73883500D4D74F /* Project object */;
}
