// !$*UTF8*$!
{
	archiveVersion = 1;
	classes = {
	};
	objectVersion = 46;
	objects = {

/* Begin PBXBuildFile section */
		3D4F17A31B73883500D4D74F /* AppDelegate.swift in Sources */ = {isa = PBXBuildFile; fileRef = 3D4F17A21B73883500D4D74F /* AppDelegate.swift */; };
		3D4F17A51B73883500D4D74F /* ViewController.swift in Sources */ = {isa = PBXBuildFile; fileRef = 3D4F17A41B73883500D4D74F /* ViewController.swift */; };
		3D4F17A81B73883500D4D74F /* Main.storyboard in Resources */ = {isa = PBXBuildFile; fileRef = 3D4F17A61B73883500D4D74F /* Main.storyboard */; };
		3D4F17AA1B73883500D4D74F /* Assets.xcassets in Resources */ = {isa = PBXBuildFile; fileRef = 3D4F17A91B73883500D4D74F /* Assets.xcassets */; };
		3D4F17AD1B73883500D4D74F /* LaunchScreen.storyboard in Resources */ = {isa = PBXBuildFile; fileRef = 3D4F17AB1B73883500D4D74F /* LaunchScreen.storyboard */; };
		3D4F17B81B73883500D4D74F /* Manual_CaptureTests.swift in Sources */ = {isa = PBXBuildFile; fileRef = 3D4F17B71B73883500D4D74F /* Manual_CaptureTests.swift */; };
		3D4F17C31B73883500D4D74F /* Manual_CaptureUITests.swift in Sources */ = {isa = PBXBuildFile; fileRef = 3D4F17C21B73883500D4D74F /* Manual_CaptureUITests.swift */; };
/* End PBXBuildFile section */

/* Begin PBXContainerItemProxy section */
		3D4F17B41B73883500D4D74F /* PBXContainerItemProxy */ = {
			isa = PBXContainerItemProxy;
			containerPortal = 3D4F17971B73883500D4D74F /* Project object */;
			proxyType = 1;
			remoteGlobalIDString = 3D4F179E1B73883500D4D74F;
			remoteInfo = "Manual Capture";
		};
		3D4F17BF1B73883500D4D74F /* PBXContainerItemProxy */ = {
			isa = PBXContainerItemProxy;
			containerPortal = 3D4F17971B73883500D4D74F /* Project object */;
			proxyType = 1;
			remoteGlobalIDString = 3D4F179E1B73883500D4D74F;
			remoteInfo = "Manual Capture";
		};
/* End PBXContainerItemProxy section */

/* Begin PBXFileReference section */
		3D4F179F1B73883500D4D74F /* Manual Capture.app */ = {isa = PBXFileReference; explicitFileType = wrapper.application; includeInIndex = 0; path = "Manual Capture.app"; sourceTree = BUILT_PRODUCTS_DIR; };
		3D4F17A21B73883500D4D74F /* AppDelegate.swift */ = {isa = PBXFileReference; lastKnownFileType = sourcecode.swift; path = AppDelegate.swift; sourceTree = "<group>"; };
		3D4F17A41B73883500D4D74F /* ViewController.swift */ = {isa = PBXFileReference; lastKnownFileType = sourcecode.swift; path = ViewController.swift; sourceTree = "<group>"; };
		3D4F17A71B73883500D4D74F /* Base */ = {isa = PBXFileReference; lastKnownFileType = file.storyboard; name = Base; path = Base.lproj/Main.storyboard; sourceTree = "<group>"; };
		3D4F17A91B73883500D4D74F /* Assets.xcassets */ = {isa = PBXFileReference; lastKnownFileType = folder.assetcatalog; path = Assets.xcassets; sourceTree = "<group>"; };
		3D4F17AC1B73883500D4D74F /* Base */ = {isa = PBXFileReference; lastKnownFileType = file.storyboard; name = Base; path = Base.lproj/LaunchScreen.storyboard; sourceTree = "<group>"; };
		3D4F17AE1B73883500D4D74F /* Info.plist */ = {isa = PBXFileReference; lastKnownFileType = text.plist.xml; path = Info.plist; sourceTree = "<group>"; };
		3D4F17B31B73883500D4D74F /* Manual CaptureTests.xctest */ = {isa = PBXFileReference; explicitFileType = wrapper.cfbundle; includeInIndex = 0; path = "Manual CaptureTests.xctest"; sourceTree = BUILT_PRODUCTS_DIR; };
		3D4F17B71B73883500D4D74F /* Manual_CaptureTests.swift */ = {isa = PBXFileReference; lastKnownFileType = sourcecode.swift; path = Manual_CaptureTests.swift; sourceTree = "<group>"; };
		3D4F17B91B73883500D4D74F /* Info.plist */ = {isa = PBXFileReference; lastKnownFileType = text.plist.xml; path = Info.plist; sourceTree = "<group>"; };
		3D4F17BE1B73883500D4D74F /* Manual CaptureUITests.xctest */ = {isa = PBXFileReference; explicitFileType = wrapper.cfbundle; includeInIndex = 0; path = "Manual CaptureUITests.xctest"; sourceTree = BUILT_PRODUCTS_DIR; };
		3D4F17C21B73883500D4D74F /* Manual_CaptureUITests.swift */ = {isa = PBXFileReference; lastKnownFileType = sourcecode.swift; path = Manual_CaptureUITests.swift; sourceTree = "<group>"; };
		3D4F17C41B73883500D4D74F /* Info.plist */ = {isa = PBXFileReference; lastKnownFileType = text.plist.xml; path = Info.plist; sourceTree = "<group>"; };
/* End PBXFileReference section */

/* Begin PBXFrameworksBuildPhase section */
		3D4F179C1B73883500D4D74F /* Frameworks */ = {
			isa = PBXFrameworksBuildPhase;
			buildActionMask = 2147483647;
			files = (
			);
			runOnlyForDeploymentPostprocessing = 0;
		};
		3D4F17B01B73883500D4D74F /* Frameworks */ = {
			isa = PBXFrameworksBuildPhase;
			buildActionMask = 2147483647;
			files = (
			);
			runOnlyForDeploymentPostprocessing = 0;
		};
		3D4F17BB1B73883500D4D74F /* Frameworks */ = {
			isa = PBXFrameworksBuildPhase;
			buildActionMask = 2147483647;
			files = (
			);
			runOnlyForDeploymentPostprocessing = 0;
		};
/* End PBXFrameworksBuildPhase section */

/* Begin PBXGroup section */
		3D4F17961B73883500D4D74F = {
			isa = PBXGroup;
			children = (
				3D4F17A11B73883500D4D74F /* Manual Capture */,
				3D4F17B61B73883500D4D74F /* Manual CaptureTests */,
				3D4F17C11B73883500D4D74F /* Manual CaptureUITests */,
				3D4F17A01B73883500D4D74F /* Products */,
			);
			sourceTree = "<group>";
		};
		3D4F17A01B73883500D4D74F /* Products */ = {
			isa = PBXGroup;
			children = (
				3D4F179F1B73883500D4D74F /* Manual Capture.app */,
				3D4F17B31B73883500D4D74F /* Manual CaptureTests.xctest */,
				3D4F17BE1B73883500D4D74F /* Manual CaptureUITests.xctest */,
			);
			name = Products;
			sourceTree = "<group>";
		};
		3D4F17A11B73883500D4D74F /* Manual Capture */ = {
			isa = PBXGroup;
			children = (
				3D4F17A21B73883500D4D74F /* AppDelegate.swift */,
				3D4F17A41B73883500D4D74F /* ViewController.swift */,
				3D4F17A61B73883500D4D74F /* Main.storyboard */,
				3D4F17A91B73883500D4D74F /* Assets.xcassets */,
				3D4F17AB1B73883500D4D74F /* LaunchScreen.storyboard */,
				3D4F17AE1B73883500D4D74F /* Info.plist */,
			);
			path = "Manual Capture";
			sourceTree = "<group>";
		};
		3D4F17B61B73883500D4D74F /* Manual CaptureTests */ = {
			isa = PBXGroup;
			children = (
				3D4F17B71B73883500D4D74F /* Manual_CaptureTests.swift */,
				3D4F17B91B73883500D4D74F /* Info.plist */,
			);
			path = "Manual CaptureTests";
			sourceTree = "<group>";
		};
		3D4F17C11B73883500D4D74F /* Manual CaptureUITests */ = {
			isa = PBXGroup;
			children = (
				3D4F17C21B73883500D4D74F /* Manual_CaptureUITests.swift */,
				3D4F17C41B73883500D4D74F /* Info.plist */,
			);
			path = "Manual CaptureUITests";
			sourceTree = "<group>";
		};
/* End PBXGroup section */

/* Begin PBXNativeTarget section */
		3D4F179E1B73883500D4D74F /* Manual Capture */ = {
			isa = PBXNativeTarget;
			buildConfigurationList = 3D4F17C71B73883500D4D74F /* Build configuration list for PBXNativeTarget "Manual Capture" */;
			buildPhases = (
				3D4F179B1B73883500D4D74F /* Sources */,
				3D4F179C1B73883500D4D74F /* Frameworks */,
				3D4F179D1B73883500D4D74F /* Resources */,
			);
			buildRules = (
			);
			dependencies = (
			);
			name = "Manual Capture";
			productName = "Manual Capture";
			productReference = 3D4F179F1B73883500D4D74F /* Manual Capture.app */;
			productType = "com.apple.product-type.application";
		};
		3D4F17B21B73883500D4D74F /* Manual CaptureTests */ = {
			isa = PBXNativeTarget;
			buildConfigurationList = 3D4F17CA1B73883500D4D74F /* Build configuration list for PBXNativeTarget "Manual CaptureTests" */;
			buildPhases = (
				3D4F17AF1B73883500D4D74F /* Sources */,
				3D4F17B01B73883500D4D74F /* Frameworks */,
				3D4F17B11B73883500D4D74F /* Resources */,
			);
			buildRules = (
			);
			dependencies = (
				3D4F17B51B73883500D4D74F /* PBXTargetDependency */,
			);
			name = "Manual CaptureTests";
			productName = "Manual CaptureTests";
			productReference = 3D4F17B31B73883500D4D74F /* Manual CaptureTests.xctest */;
			productType = "com.apple.product-type.bundle.unit-test";
		};
		3D4F17BD1B73883500D4D74F /* Manual CaptureUITests */ = {
			isa = PBXNativeTarget;
			buildConfigurationList = 3D4F17CD1B73883500D4D74F /* Build configuration list for PBXNativeTarget "Manual CaptureUITests" */;
			buildPhases = (
				3D4F17BA1B73883500D4D74F /* Sources */,
				3D4F17BB1B73883500D4D74F /* Frameworks */,
				3D4F17BC1B73883500D4D74F /* Resources */,
			);
			buildRules = (
			);
			dependencies = (
				3D4F17C01B73883500D4D74F /* PBXTargetDependency */,
			);
			name = "Manual CaptureUITests";
			productName = "Manual CaptureUITests";
			productReference = 3D4F17BE1B73883500D4D74F /* Manual CaptureUITests.xctest */;
			productType = "com.apple.product-type.bundle.ui-testing";
		};
/* End PBXNativeTarget section */

/* Begin PBXProject section */
		3D4F17971B73883500D4D74F /* Project object */ = {
			isa = PBXProject;
			attributes = {
				LastUpgradeCheck = 0700;
				ORGANIZATIONNAME = mobileuse;
				TargetAttributes = {
					3D4F179E1B73883500D4D74F = {
						CreatedOnToolsVersion = 7.0;
					};
					3D4F17B21B73883500D4D74F = {
						CreatedOnToolsVersion = 7.0;
						TestTargetID = 3D4F179E1B73883500D4D74F;
					};
					3D4F17BD1B73883500D4D74F = {
						CreatedOnToolsVersion = 7.0;
						TestTargetID = 3D4F179E1B73883500D4D74F;
					};
				};
			};
			buildConfigurationList = 3D4F179A1B73883500D4D74F /* Build configuration list for PBXProject "Manual Capture" */;
			compatibilityVersion = "Xcode 3.2";
			developmentRegion = English;
			hasScannedForEncodings = 0;
			knownRegions = (
				en,
				Base,
			);
			mainGroup = 3D4F17961B73883500D4D74F;
			productRefGroup = 3D4F17A01B73883500D4D74F /* Products */;
			projectDirPath = "";
			projectRoot = "";
			targets = (
				3D4F179E1B73883500D4D74F /* Manual Capture */,
				3D4F17B21B73883500D4D74F /* Manual CaptureTests */,
				3D4F17BD1B73883500D4D74F /* Manual CaptureUITests */,
			);
		};
/* End PBXProject section */

/* Begin PBXResourcesBuildPhase section */
		3D4F179D1B73883500D4D74F /* Resources */ = {
			isa = PBXResourcesBuildPhase;
			buildActionMask = 2147483647;
			files = (
				3D4F17AD1B73883500D4D74F /* LaunchScreen.storyboard in Resources */,
				3D4F17AA1B73883500D4D74F /* Assets.xcassets in Resources */,
				3D4F17A81B73883500D4D74F /* Main.storyboard in Resources */,
			);
			runOnlyForDeploymentPostprocessing = 0;
		};
		3D4F17B11B73883500D4D74F /* Resources */ = {
			isa = PBXResourcesBuildPhase;
			buildActionMask = 2147483647;
			files = (
			);
			runOnlyForDeploymentPostprocessing = 0;
		};
		3D4F17BC1B73883500D4D74F /* Resources */ = {
			isa = PBXResourcesBuildPhase;
			buildActionMask = 2147483647;
			files = (
			);
			runOnlyForDeploymentPostprocessing = 0;
		};
/* End PBXResourcesBuildPhase section */

/* Begin PBXSourcesBuildPhase section */
		3D4F179B1B73883500D4D74F /* Sources */ = {
			isa = PBXSourcesBuildPhase;
			buildActionMask = 2147483647;
			files = (
				3D4F17A51B73883500D4D74F /* ViewController.swift in Sources */,
				3D4F17A31B73883500D4D74F /* AppDelegate.swift in Sources */,
			);
			runOnlyForDeploymentPostprocessing = 0;
		};
		3D4F17AF1B73883500D4D74F /* Sources */ = {
			isa = PBXSourcesBuildPhase;
			buildActionMask = 2147483647;
			files = (
				3D4F17B81B73883500D4D74F /* Manual_CaptureTests.swift in Sources */,
			);
			runOnlyForDeploymentPostprocessing = 0;
		};
		3D4F17BA1B73883500D4D74F /* Sources */ = {
			isa = PBXSourcesBuildPhase;
			buildActionMask = 2147483647;
			files = (
				3D4F17C31B73883500D4D74F /* Manual_CaptureUITests.swift in Sources */,
			);
			runOnlyForDeploymentPostprocessing = 0;
		};
/* End PBXSourcesBuildPhase section */

/* Begin PBXTargetDependency section */
		3D4F17B51B73883500D4D74F /* PBXTargetDependency */ = {
			isa = PBXTargetDependency;
			target = 3D4F179E1B73883500D4D74F /* Manual Capture */;
			targetProxy = 3D4F17B41B73883500D4D74F /* PBXContainerItemProxy */;
		};
		3D4F17C01B73883500D4D74F /* PBXTargetDependency */ = {
			isa = PBXTargetDependency;
			target = 3D4F179E1B73883500D4D74F /* Manual Capture */;
			targetProxy = 3D4F17BF1B73883500D4D74F /* PBXContainerItemProxy */;
		};
/* End PBXTargetDependency section */

/* Begin PBXVariantGroup section */
		3D4F17A61B73883500D4D74F /* Main.storyboard */ = {
			isa = PBXVariantGroup;
			children = (
				3D4F17A71B73883500D4D74F /* Base */,
			);
			name = Main.storyboard;
			sourceTree = "<group>";
		};
		3D4F17AB1B73883500D4D74F /* LaunchScreen.storyboard */ = {
			isa = PBXVariantGroup;
			children = (
				3D4F17AC1B73883500D4D74F /* Base */,
			);
			name = LaunchScreen.storyboard;
			sourceTree = "<group>";
		};
/* End PBXVariantGroup section */

/* Begin XCBuildConfiguration section */
		3D4F17C51B73883500D4D74F /* Debug */ = {
			isa = XCBuildConfiguration;
			buildSettings = {
				ALWAYS_SEARCH_USER_PATHS = NO;
				CLANG_CXX_LANGUAGE_STANDARD = "gnu++0x";
				CLANG_CXX_LIBRARY = "libc++";
				CLANG_ENABLE_MODULES = YES;
				CLANG_ENABLE_OBJC_ARC = YES;
				CLANG_WARN_BOOL_CONVERSION = YES;
				CLANG_WARN_CONSTANT_CONVERSION = YES;
				CLANG_WARN_DIRECT_OBJC_ISA_USAGE = YES_ERROR;
				CLANG_WARN_EMPTY_BODY = YES;
				CLANG_WARN_ENUM_CONVERSION = YES;
				CLANG_WARN_INT_CONVERSION = YES;
				CLANG_WARN_OBJC_ROOT_CLASS = YES_ERROR;
				CLANG_WARN_UNREACHABLE_CODE = YES;
				CLANG_WARN__DUPLICATE_METHOD_MATCH = YES;
				"CODE_SIGN_IDENTITY[sdk=iphoneos*]" = "iPhone Developer";
				COPY_PHASE_STRIP = NO;
				DEBUG_INFORMATION_FORMAT = dwarf;
				ENABLE_STRICT_OBJC_MSGSEND = YES;
				ENABLE_TESTABILITY = YES;
				GCC_C_LANGUAGE_STANDARD = gnu99;
				GCC_DYNAMIC_NO_PIC = NO;
				GCC_NO_COMMON_BLOCKS = YES;
				GCC_OPTIMIZATION_LEVEL = 0;
				GCC_PREPROCESSOR_DEFINITIONS = (
					"DEBUG=1",
					"$(inherited)",
				);
				GCC_WARN_64_TO_32_BIT_CONVERSION = YES;
				GCC_WARN_ABOUT_RETURN_TYPE = YES_ERROR;
				GCC_WARN_UNDECLARED_SELECTOR = YES;
				GCC_WARN_UNINITIALIZED_AUTOS = YES_AGGRESSIVE;
				GCC_WARN_UNUSED_FUNCTION = YES;
				GCC_WARN_UNUSED_VARIABLE = YES;
				IPHONEOS_DEPLOYMENT_TARGET = 9.0;
				MTL_ENABLE_DEBUG_INFO = YES;
				ONLY_ACTIVE_ARCH = YES;
				SDKROOT = iphoneos;
				SWIFT_OPTIMIZATION_LEVEL = "-Onone";
				TARGETED_DEVICE_FAMILY = "1,2";
			};
			name = Debug;
		};
		3D4F17C61B73883500D4D74F /* Release */ = {
			isa = XCBuildConfiguration;
			buildSettings = {
				ALWAYS_SEARCH_USER_PATHS = NO;
				CLANG_CXX_LANGUAGE_STANDARD = "gnu++0x";
				CLANG_CXX_LIBRARY = "libc++";
				CLANG_ENABLE_MODULES = YES;
				CLANG_ENABLE_OBJC_ARC = YES;
				CLANG_WARN_BOOL_CONVERSION = YES;
				CLANG_WARN_CONSTANT_CONVERSION = YES;
				CLANG_WARN_DIRECT_OBJC_ISA_USAGE = YES_ERROR;
				CLANG_WARN_EMPTY_BODY = YES;
				CLANG_WARN_ENUM_CONVERSION = YES;
				CLANG_WARN_INT_CONVERSION = YES;
				CLANG_WARN_OBJC_ROOT_CLASS = YES_ERROR;
				CLANG_WARN_UNREACHABLE_CODE = YES;
				CLANG_WARN__DUPLICATE_METHOD_MATCH = YES;
				"CODE_SIGN_IDENTITY[sdk=iphoneos*]" = "iPhone Developer";
				COPY_PHASE_STRIP = NO;
				DEBUG_INFORMATION_FORMAT = "dwarf-with-dsym";
				ENABLE_NS_ASSERTIONS = NO;
				ENABLE_STRICT_OBJC_MSGSEND = YES;
				GCC_C_LANGUAGE_STANDARD = gnu99;
				GCC_NO_COMMON_BLOCKS = YES;
				GCC_WARN_64_TO_32_BIT_CONVERSION = YES;
				GCC_WARN_ABOUT_RETURN_TYPE = YES_ERROR;
				GCC_WARN_UNDECLARED_SELECTOR = YES;
				GCC_WARN_UNINITIALIZED_AUTOS = YES_AGGRESSIVE;
				GCC_WARN_UNUSED_FUNCTION = YES;
				GCC_WARN_UNUSED_VARIABLE = YES;
				IPHONEOS_DEPLOYMENT_TARGET = 9.0;
				MTL_ENABLE_DEBUG_INFO = NO;
				SDKROOT = iphoneos;
				TARGETED_DEVICE_FAMILY = "1,2";
				VALIDATE_PRODUCT = YES;
			};
			name = Release;
		};
		3D4F17C81B73883500D4D74F /* Debug */ = {
			isa = XCBuildConfiguration;
			buildSettings = {
				ASSETCATALOG_COMPILER_APPICON_NAME = AppIcon;
				INFOPLIST_FILE = "Manual Capture/Info.plist";
				LD_RUNPATH_SEARCH_PATHS = "$(inherited) @executable_path/Frameworks";
				PRODUCT_BUNDLE_IDENTIFIER = "mobileuse.Manual-Capture";
				PRODUCT_NAME = "$(TARGET_NAME)";
			};
			name = Debug;
		};
		3D4F17C91B73883500D4D74F /* Release */ = {
			isa = XCBuildConfiguration;
			buildSettings = {
				ASSETCATALOG_COMPILER_APPICON_NAME = AppIcon;
				INFOPLIST_FILE = "Manual Capture/Info.plist";
				LD_RUNPATH_SEARCH_PATHS = "$(inherited) @executable_path/Frameworks";
				PRODUCT_BUNDLE_IDENTIFIER = "mobileuse.Manual-Capture";
				PRODUCT_NAME = "$(TARGET_NAME)";
			};
			name = Release;
		};
		3D4F17CB1B73883500D4D74F /* Debug */ = {
			isa = XCBuildConfiguration;
			buildSettings = {
				BUNDLE_LOADER = "$(TEST_HOST)";
				INFOPLIST_FILE = "Manual CaptureTests/Info.plist";
				LD_RUNPATH_SEARCH_PATHS = "$(inherited) @executable_path/Frameworks @loader_path/Frameworks";
				PRODUCT_BUNDLE_IDENTIFIER = "mobileuse.Manual-CaptureTests";
				PRODUCT_NAME = "$(TARGET_NAME)";
				TEST_HOST = "$(BUILT_PRODUCTS_DIR)/Manual Capture.app/Manual Capture";
			};
			name = Debug;
		};
		3D4F17CC1B73883500D4D74F /* Release */ = {
			isa = XCBuildConfiguration;
			buildSettings = {
				BUNDLE_LOADER = "$(TEST_HOST)";
				INFOPLIST_FILE = "Manual CaptureTests/Info.plist";
				LD_RUNPATH_SEARCH_PATHS = "$(inherited) @executable_path/Frameworks @loader_path/Frameworks";
				PRODUCT_BUNDLE_IDENTIFIER = "mobileuse.Manual-CaptureTests";
				PRODUCT_NAME = "$(TARGET_NAME)";
				TEST_HOST = "$(BUILT_PRODUCTS_DIR)/Manual Capture.app/Manual Capture";
			};
			name = Release;
		};
		3D4F17CE1B73883500D4D74F /* Debug */ = {
			isa = XCBuildConfiguration;
			buildSettings = {
				INFOPLIST_FILE = "Manual CaptureUITests/Info.plist";
				LD_RUNPATH_SEARCH_PATHS = "$(inherited) @executable_path/Frameworks @loader_path/Frameworks";
				PRODUCT_BUNDLE_IDENTIFIER = "mobileuse.Manual-CaptureUITests";
				PRODUCT_NAME = "$(TARGET_NAME)";
				TEST_TARGET_NAME = "Manual Capture";
				USES_XCTRUNNER = YES;
			};
			name = Debug;
		};
		3D4F17CF1B73883500D4D74F /* Release */ = {
			isa = XCBuildConfiguration;
			buildSettings = {
				INFOPLIST_FILE = "Manual CaptureUITests/Info.plist";
				LD_RUNPATH_SEARCH_PATHS = "$(inherited) @executable_path/Frameworks @loader_path/Frameworks";
				PRODUCT_BUNDLE_IDENTIFIER = "mobileuse.Manual-CaptureUITests";
				PRODUCT_NAME = "$(TARGET_NAME)";
				TEST_TARGET_NAME = "Manual Capture";
				USES_XCTRUNNER = YES;
			};
			name = Release;
		};
/* End XCBuildConfiguration section */

/* Begin XCConfigurationList section */
		3D4F179A1B73883500D4D74F /* Build configuration list for PBXProject "Manual Capture" */ = {
			isa = XCConfigurationList;
			buildConfigurations = (
				3D4F17C51B73883500D4D74F /* Debug */,
				3D4F17C61B73883500D4D74F /* Release */,
			);
			defaultConfigurationIsVisible = 0;
			defaultConfigurationName = Release;
		};
		3D4F17C71B73883500D4D74F /* Build configuration list for PBXNativeTarget "Manual Capture" */ = {
			isa = XCConfigurationList;
			buildConfigurations = (
				3D4F17C81B73883500D4D74F /* Debug */,
				3D4F17C91B73883500D4D74F /* Release */,
			);
			defaultConfigurationIsVisible = 0;
		};
		3D4F17CA1B73883500D4D74F /* Build configuration list for PBXNativeTarget "Manual CaptureTests" */ = {
			isa = XCConfigurationList;
			buildConfigurations = (
				3D4F17CB1B73883500D4D74F /* Debug */,
				3D4F17CC1B73883500D4D74F /* Release */,
			);
			defaultConfigurationIsVisible = 0;
		};
		3D4F17CD1B73883500D4D74F /* Build configuration list for PBXNativeTarget "Manual CaptureUITests" */ = {
			isa = XCConfigurationList;
			buildConfigurations = (
				3D4F17CE1B73883500D4D74F /* Debug */,
				3D4F17CF1B73883500D4D74F /* Release */,
			);
			defaultConfigurationIsVisible = 0;
		};
/* End XCConfigurationList section */
	};
	rootObject = 3D4F17971B73883500D4D74F /* Project object */;
}
